{
  "nodes": {
    "fenix": {
      "inputs": {
        "nixpkgs": [
          "nixpkgs"
        ],
        "rust-analyzer-src": "rust-analyzer-src"
      },
      "locked": {
        "lastModified": 1642400831,
        "narHash": "sha256-38LEynkTWz37wtesdbHmedqLr2O3KirVkVUKL4Rwigo=",
        "owner": "nix-community",
        "repo": "fenix",
        "rev": "208b75eca21963436be324f1b076a2abf8b22b09",
        "type": "github"
      },
      "original": {
        "owner": "nix-community",
        "repo": "fenix",
        "type": "github"
      }
    },
    "gitignore": {
      "inputs": {
        "nixpkgs": [
          "nixpkgs"
        ]
      },
      "locked": {
        "lastModified": 1635165013,
        "narHash": "sha256-o/BdVjNwcB6jOmzZjOH703BesSkkS5O7ej3xhyO8hAY=",
        "owner": "hercules-ci",
        "repo": "gitignore.nix",
        "rev": "5b9e0ff9d3b551234b4f3eb3983744fa354b17f1",
        "type": "github"
      },
      "original": {
        "owner": "hercules-ci",
        "repo": "gitignore.nix",
        "type": "github"
      }
    },
    "nixpkgs": {
      "locked": {
        "lastModified": 1642130244,
        "narHash": "sha256-/5FhZkZFQCRQIRFosUQW1zmDrsNHVOJIB/+XgRPHiPU=",
        "owner": "nixos",
        "repo": "nixpkgs",
        "rev": "bc59ba15b64d0a0ee1d1764f18b4f3480d2c3e5a",
        "type": "github"
      },
      "original": {
        "owner": "nixos",
        "ref": "nixpkgs-unstable",
        "repo": "nixpkgs",
        "type": "github"
      }
    },
    "root": {
      "inputs": {
        "fenix": "fenix",
        "gitignore": "gitignore",
        "nixpkgs": "nixpkgs"
      }
    },
    "rust-analyzer-src": {
      "flake": false,
      "locked": {
        "lastModified": 1642346032,
        "narHash": "sha256-rVuxpnKW8Wgbu+rLw0/4YMdgQV7PL8AZuvxPfqFH2uE=",
        "owner": "rust-analyzer",
        "repo": "rust-analyzer",
        "rev": "e6e72809e3b55da3a57af95e6445a12729331ad6",
        "type": "github"
      },
      "original": {
        "owner": "rust-analyzer",
        "ref": "nightly",
        "repo": "rust-analyzer",
        "type": "github"
      }
    }
  },
  "root": "root",
  "version": 7
}
